
Microsoft Visual Studio Solution File, Format Version 12.00
# Visual Studio Version 16
VisualStudioVersion = 16.0.29215.179
MinimumVisualStudioVersion = 10.0.40219.1
Project("{FAE04EC0-301F-11D3-BF4B-00C04F79EFBC}") = "Sobrecargas", "Sobrecargas.csproj", "{7F0437CC-D088-43E0-98C0-A8073A5DED23}"
EndProject
Global
	GlobalSection(SolutionConfigurationPlatforms) = preSolution
		Debug|Any CPU = Debug|Any CPU
		Release|Any CPU = Release|Any CPU
	EndGlobalSection
	GlobalSection(ProjectConfigurationPlatforms) = postSolution
		{7F0437CC-D088-43E0-98C0-A8073A5DED23}.Debug|Any CPU.ActiveCfg = Debug|Any CPU
		{7F0437CC-D088-43E0-98C0-A8073A5DED23}.Debug|Any CPU.Build.0 = Debug|Any CPU
		{7F0437CC-D088-43E0-98C0-A8073A5DED23}.Release|Any CPU.ActiveCfg = Release|Any CPU
		{7F0437CC-D088-43E0-98C0-A8073A5DED23}.Release|Any CPU.Build.0 = Release|Any CPU
	EndGlobalSection
	GlobalSection(SolutionProperties) = preSolution
		HideSolutionNode = FALSE
	EndGlobalSection
	GlobalSection(ExtensibilityGlobals) = postSolution
		SolutionGuid = {8AE7AEDA-70E2-41F2-AB2B-99849437D06B}
	EndGlobalSection
EndGlobal
