
Microsoft Visual Studio Solution File, Format Version 12.00
# Visual Studio Version 16
VisualStudioVersion = 16.0.29215.179
MinimumVisualStudioVersion = 10.0.40219.1
Project("{FAE04EC0-301F-11D3-BF4B-00C04F79EFBC}") = "T02. Interfaces", "T02. Interfaces.csproj", "{6FD4D604-5345-4989-AAA4-F18B727EFF6D}"
EndProject
Global
	GlobalSection(SolutionConfigurationPlatforms) = preSolution
		Debug|Any CPU = Debug|Any CPU
		Release|Any CPU = Release|Any CPU
	EndGlobalSection
	GlobalSection(ProjectConfigurationPlatforms) = postSolution
		{6FD4D604-5345-4989-AAA4-F18B727EFF6D}.Debug|Any CPU.ActiveCfg = Debug|Any CPU
		{6FD4D604-5345-4989-AAA4-F18B727EFF6D}.Debug|Any CPU.Build.0 = Debug|Any CPU
		{6FD4D604-5345-4989-AAA4-F18B727EFF6D}.Release|Any CPU.ActiveCfg = Release|Any CPU
		{6FD4D604-5345-4989-AAA4-F18B727EFF6D}.Release|Any CPU.Build.0 = Release|Any CPU
	EndGlobalSection
	GlobalSection(SolutionProperties) = preSolution
		HideSolutionNode = FALSE
	EndGlobalSection
	GlobalSection(ExtensibilityGlobals) = postSolution
		SolutionGuid = {5D80AFC1-B008-4EC2-B50C-48D37F096C83}
	EndGlobalSection
EndGlobal
