
Microsoft Visual Studio Solution File, Format Version 12.00
# Visual Studio Version 16
VisualStudioVersion = 16.0.28705.295
MinimumVisualStudioVersion = 10.0.40219.1
Project("{FAE04EC0-301F-11D3-BF4B-00C04F79EFBC}") = "Errores", "Errores\Errores.csproj", "{013ACC39-D704-400F-9221-57BB340B0EA6}"
EndProject
Global
	GlobalSection(SolutionConfigurationPlatforms) = preSolution
		Debug|Any CPU = Debug|Any CPU
		Release|Any CPU = Release|Any CPU
	EndGlobalSection
	GlobalSection(ProjectConfigurationPlatforms) = postSolution
		{013ACC39-D704-400F-9221-57BB340B0EA6}.Debug|Any CPU.ActiveCfg = Debug|Any CPU
		{013ACC39-D704-400F-9221-57BB340B0EA6}.Debug|Any CPU.Build.0 = Debug|Any CPU
		{013ACC39-D704-400F-9221-57BB340B0EA6}.Release|Any CPU.ActiveCfg = Release|Any CPU
		{013ACC39-D704-400F-9221-57BB340B0EA6}.Release|Any CPU.Build.0 = Release|Any CPU
	EndGlobalSection
	GlobalSection(SolutionProperties) = preSolution
		HideSolutionNode = FALSE
	EndGlobalSection
	GlobalSection(ExtensibilityGlobals) = postSolution
		SolutionGuid = {1E23472C-2B13-499C-B404-E00D8FFFC1DB}
	EndGlobalSection
EndGlobal
