
Microsoft Visual Studio Solution File, Format Version 12.00
# Visual Studio Version 16
VisualStudioVersion = 16.0.29215.179
MinimumVisualStudioVersion = 10.0.40219.1
Project("{FAE04EC0-301F-11D3-BF4B-00C04F79EFBC}") = "Polimorfismo", "Polimorfismo.csproj", "{E83DF774-3D87-42ED-B89A-F276DA940C53}"
EndProject
Global
	GlobalSection(SolutionConfigurationPlatforms) = preSolution
		Debug|Any CPU = Debug|Any CPU
		Release|Any CPU = Release|Any CPU
	EndGlobalSection
	GlobalSection(ProjectConfigurationPlatforms) = postSolution
		{E83DF774-3D87-42ED-B89A-F276DA940C53}.Debug|Any CPU.ActiveCfg = Debug|Any CPU
		{E83DF774-3D87-42ED-B89A-F276DA940C53}.Debug|Any CPU.Build.0 = Debug|Any CPU
		{E83DF774-3D87-42ED-B89A-F276DA940C53}.Release|Any CPU.ActiveCfg = Release|Any CPU
		{E83DF774-3D87-42ED-B89A-F276DA940C53}.Release|Any CPU.Build.0 = Release|Any CPU
	EndGlobalSection
	GlobalSection(SolutionProperties) = preSolution
		HideSolutionNode = FALSE
	EndGlobalSection
	GlobalSection(ExtensibilityGlobals) = postSolution
		SolutionGuid = {EA99DDCB-3FE7-467E-ABDC-8215238FBC02}
	EndGlobalSection
EndGlobal
